
Microsoft Visual Studio Solution File, Format Version 12.00
# Visual Studio Version 16
VisualStudioVersion = 16.0.30804.86
MinimumVisualStudioVersion = 10.0.40219.1
Project("{FAE04EC0-301F-11D3-BF4B-00C04F79EFBC}") = "VisualWebGuiInvoice", "VisualWebGuiInvoice.csproj", "{524FE09B-183C-4071-8533-48879DDF459A}"
EndProject
Global
	GlobalSection(SolutionConfigurationPlatforms) = preSolution
		Debug|Any CPU = Debug|Any CPU
		Release|Any CPU = Release|Any CPU
	EndGlobalSection
	GlobalSection(ProjectConfigurationPlatforms) = postSolution
		{524FE09B-183C-4071-8533-48879DDF459A}.Debug|Any CPU.ActiveCfg = Debug|Any CPU
		{524FE09B-183C-4071-8533-48879DDF459A}.Debug|Any CPU.Build.0 = Debug|Any CPU
		{524FE09B-183C-4071-8533-48879DDF459A}.Release|Any CPU.ActiveCfg = Release|Any CPU
		{524FE09B-183C-4071-8533-48879DDF459A}.Release|Any CPU.Build.0 = Release|Any CPU
	EndGlobalSection
	GlobalSection(SolutionProperties) = preSolution
		HideSolutionNode = FALSE
	EndGlobalSection
	GlobalSection(ExtensibilityGlobals) = postSolution
		SolutionGuid = {F91CA07F-3BF3-47AA-BE93-44E68057F1C4}
	EndGlobalSection
EndGlobal
